{
  "name": "CONFORMiT_hackhaton2024",
  "lockfileVersion": 3,
  "requires": true,
  "packages": {
    "": {
      "dependencies": {
        "cl": "^0.0.1"
      }
    },
    "node_modules/cl": {
      "version": "0.0.1",
      "resolved": "https://registry.npmjs.org/cl/-/cl-0.0.1.tgz",
      "integrity": "sha512-fM0STeo1HJ2kU/2IdbEi4di+2zZqclfwfWK4NZzISynz+VnjQEHIH5DMm51OETa2WUnl7hzJHyyhY1eSA4g8ow=="
    }
  }
}
