
Microsoft Visual Studio Solution File, Format Version 12.00
Project("{8BC9CEB8-8B4A-11D0-8D11-00A0C91BC942}") = "tp2_mathisGauthier", "tp2_mathisGauthier\tp2_mathisGauthier.vcxproj", "{268B6C67-F0B3-493A-982E-84540E12D13E}"
EndProject
Project("{8BC9CEB8-8B4A-11D0-8D11-00A0C91BC942}") = "tp2_mathisGauthier_2digits", "tp2_mathisGauthier_2digits\tp2_mathisGauthier_2digits.vcxproj", "{0B1DBFC6-1E44-42D8-9810-DE53BBC2BA28}"
EndProject
Global
	GlobalSection(SolutionConfigurationPlatforms) = preSolution
		Debug|Win32 = Debug|Win32
		Debug|x64 = Debug|x64
		Release|Win32 = Release|Win32
		Release|x64 = Release|x64
	EndGlobalSection
	GlobalSection(ProjectConfigurationPlatforms) = postSolution
		{268B6C67-F0B3-493A-982E-84540E12D13E}.Debug|Win32.ActiveCfg = Debug|Win32
		{268B6C67-F0B3-493A-982E-84540E12D13E}.Debug|Win32.Build.0 = Debug|Win32
		{268B6C67-F0B3-493A-982E-84540E12D13E}.Debug|x64.ActiveCfg = Debug|x64
		{268B6C67-F0B3-493A-982E-84540E12D13E}.Debug|x64.Build.0 = Debug|x64
		{268B6C67-F0B3-493A-982E-84540E12D13E}.Release|Win32.ActiveCfg = Release|Win32
		{268B6C67-F0B3-493A-982E-84540E12D13E}.Release|Win32.Build.0 = Release|Win32
		{268B6C67-F0B3-493A-982E-84540E12D13E}.Release|x64.ActiveCfg = Release|x64
		{268B6C67-F0B3-493A-982E-84540E12D13E}.Release|x64.Build.0 = Release|x64
		{0B1DBFC6-1E44-42D8-9810-DE53BBC2BA28}.Debug|Win32.ActiveCfg = Debug|Win32
		{0B1DBFC6-1E44-42D8-9810-DE53BBC2BA28}.Debug|Win32.Build.0 = Debug|Win32
		{0B1DBFC6-1E44-42D8-9810-DE53BBC2BA28}.Debug|x64.ActiveCfg = Debug|x64
		{0B1DBFC6-1E44-42D8-9810-DE53BBC2BA28}.Debug|x64.Build.0 = Debug|x64
		{0B1DBFC6-1E44-42D8-9810-DE53BBC2BA28}.Release|Win32.ActiveCfg = Release|Win32
		{0B1DBFC6-1E44-42D8-9810-DE53BBC2BA28}.Release|Win32.Build.0 = Release|Win32
		{0B1DBFC6-1E44-42D8-9810-DE53BBC2BA28}.Release|x64.ActiveCfg = Release|x64
		{0B1DBFC6-1E44-42D8-9810-DE53BBC2BA28}.Release|x64.Build.0 = Release|x64
	EndGlobalSection
EndGlobal
